
Microsoft Visual Studio Solution File, Format Version 12.00
# Visual Studio Version 17
VisualStudioVersion = 17.10.34916.146
MinimumVisualStudioVersion = 10.0.40219.1
Project("{FAE04EC0-301F-11D3-BF4B-00C04F79EFBC}") = "SimpleCardCreator", "SimpleCardCreator.csproj", "{C42FB5DC-B2C4-48E4-8C00-1CF07BBE806A}"
EndProject
Global
	GlobalSection(SolutionConfigurationPlatforms) = preSolution
		Debug|Any CPU = Debug|Any CPU
		Release|Any CPU = Release|Any CPU
	EndGlobalSection
	GlobalSection(ProjectConfigurationPlatforms) = postSolution
		{C42FB5DC-B2C4-48E4-8C00-1CF07BBE806A}.Debug|Any CPU.ActiveCfg = Debug|Any CPU
		{C42FB5DC-B2C4-48E4-8C00-1CF07BBE806A}.Debug|Any CPU.Build.0 = Debug|Any CPU
		{C42FB5DC-B2C4-48E4-8C00-1CF07BBE806A}.Release|Any CPU.ActiveCfg = Release|Any CPU
		{C42FB5DC-B2C4-48E4-8C00-1CF07BBE806A}.Release|Any CPU.Build.0 = Release|Any CPU
	EndGlobalSection
	GlobalSection(SolutionProperties) = preSolution
		HideSolutionNode = FALSE
	EndGlobalSection
	GlobalSection(ExtensibilityGlobals) = postSolution
		SolutionGuid = {3EA09158-C189-4106-A7EF-0FB1ABC7E98B}
	EndGlobalSection
EndGlobal
